
Microsoft Visual Studio Solution File, Format Version 12.00
# Visual Studio Version 16
VisualStudioVersion = 16.0.30717.126
MinimumVisualStudioVersion = 10.0.40219.1
Project("{FAE04EC0-301F-11D3-BF4B-00C04F79EFBC}") = "BotFramework", "BotFramework\BotFramework.csproj", "{14680926-CF05-426A-BEAD-1E95981E405E}"
EndProject
Global
	GlobalSection(SolutionConfigurationPlatforms) = preSolution
		Debug|Any CPU = Debug|Any CPU
		Release|Any CPU = Release|Any CPU
	EndGlobalSection
	GlobalSection(ProjectConfigurationPlatforms) = postSolution
		{14680926-CF05-426A-BEAD-1E95981E405E}.Debug|Any CPU.ActiveCfg = Debug|Any CPU
		{14680926-CF05-426A-BEAD-1E95981E405E}.Debug|Any CPU.Build.0 = Debug|Any CPU
		{14680926-CF05-426A-BEAD-1E95981E405E}.Release|Any CPU.ActiveCfg = Release|Any CPU
		{14680926-CF05-426A-BEAD-1E95981E405E}.Release|Any CPU.Build.0 = Release|Any CPU
	EndGlobalSection
	GlobalSection(SolutionProperties) = preSolution
		HideSolutionNode = FALSE
	EndGlobalSection
	GlobalSection(ExtensibilityGlobals) = postSolution
		SolutionGuid = {DB05BF12-7E42-4C7A-92D2-C21EC484BD0B}
	EndGlobalSection
EndGlobal
